
Microsoft Visual Studio Solution File, Format Version 12.00
# Visual Studio 15
VisualStudioVersion = 15.0.27428.2027
MinimumVisualStudioVersion = 10.0.40219.1
Project("{9A19103F-16F7-4668-BE54-9A1E7A4F7556}") = "Volvo.API", "Volvo\Volvo.API.csproj", "{B58721D4-AB76-40C7-8D51-EF6622239EC0}"
EndProject
Project("{9A19103F-16F7-4668-BE54-9A1E7A4F7556}") = "Volvo.DAL", "Volvo.DAL\Volvo.DAL.csproj", "{5E373EAC-28F2-45EF-9B71-EF4B8CC706A9}"
EndProject
Project("{9A19103F-16F7-4668-BE54-9A1E7A4F7556}") = "Volvo.Web", "Volvo.Web\Volvo.Web.csproj", "{B89F1D9B-828D-4BE4-9879-AF4CFCBEB55B}"
EndProject
Project("{FAE04EC0-301F-11D3-BF4B-00C04F79EFBC}") = "Volvo.Test", "Volvo.Test\Volvo.Test.csproj", "{20C923AC-A6B0-48F5-9ABF-4F6EEAC8DA14}"
EndProject
Project("{FAE04EC0-301F-11D3-BF4B-00C04F79EFBC}") = "Volvo.Domain", "Volvo.Domain\Volvo.Domain.csproj", "{10585C08-F18C-4A27-96E1-BC01C1655209}"
EndProject
Global
	GlobalSection(SolutionConfigurationPlatforms) = preSolution
		Debug|Any CPU = Debug|Any CPU
		Release|Any CPU = Release|Any CPU
	EndGlobalSection
	GlobalSection(ProjectConfigurationPlatforms) = postSolution
		{B58721D4-AB76-40C7-8D51-EF6622239EC0}.Debug|Any CPU.ActiveCfg = Debug|Any CPU
		{B58721D4-AB76-40C7-8D51-EF6622239EC0}.Debug|Any CPU.Build.0 = Debug|Any CPU
		{B58721D4-AB76-40C7-8D51-EF6622239EC0}.Release|Any CPU.ActiveCfg = Release|Any CPU
		{B58721D4-AB76-40C7-8D51-EF6622239EC0}.Release|Any CPU.Build.0 = Release|Any CPU
		{5E373EAC-28F2-45EF-9B71-EF4B8CC706A9}.Debug|Any CPU.ActiveCfg = Debug|Any CPU
		{5E373EAC-28F2-45EF-9B71-EF4B8CC706A9}.Debug|Any CPU.Build.0 = Debug|Any CPU
		{5E373EAC-28F2-45EF-9B71-EF4B8CC706A9}.Release|Any CPU.ActiveCfg = Release|Any CPU
		{5E373EAC-28F2-45EF-9B71-EF4B8CC706A9}.Release|Any CPU.Build.0 = Release|Any CPU
		{B89F1D9B-828D-4BE4-9879-AF4CFCBEB55B}.Debug|Any CPU.ActiveCfg = Debug|Any CPU
		{B89F1D9B-828D-4BE4-9879-AF4CFCBEB55B}.Debug|Any CPU.Build.0 = Debug|Any CPU
		{B89F1D9B-828D-4BE4-9879-AF4CFCBEB55B}.Release|Any CPU.ActiveCfg = Release|Any CPU
		{B89F1D9B-828D-4BE4-9879-AF4CFCBEB55B}.Release|Any CPU.Build.0 = Release|Any CPU
		{20C923AC-A6B0-48F5-9ABF-4F6EEAC8DA14}.Debug|Any CPU.ActiveCfg = Debug|Any CPU
		{20C923AC-A6B0-48F5-9ABF-4F6EEAC8DA14}.Debug|Any CPU.Build.0 = Debug|Any CPU
		{20C923AC-A6B0-48F5-9ABF-4F6EEAC8DA14}.Release|Any CPU.ActiveCfg = Release|Any CPU
		{20C923AC-A6B0-48F5-9ABF-4F6EEAC8DA14}.Release|Any CPU.Build.0 = Release|Any CPU
		{10585C08-F18C-4A27-96E1-BC01C1655209}.Debug|Any CPU.ActiveCfg = Debug|Any CPU
		{10585C08-F18C-4A27-96E1-BC01C1655209}.Debug|Any CPU.Build.0 = Debug|Any CPU
		{10585C08-F18C-4A27-96E1-BC01C1655209}.Release|Any CPU.ActiveCfg = Release|Any CPU
		{10585C08-F18C-4A27-96E1-BC01C1655209}.Release|Any CPU.Build.0 = Release|Any CPU
	EndGlobalSection
	GlobalSection(SolutionProperties) = preSolution
		HideSolutionNode = FALSE
	EndGlobalSection
	GlobalSection(ExtensibilityGlobals) = postSolution
		SolutionGuid = {51070F78-55F7-44FB-B64D-38662BD691EA}
	EndGlobalSection
EndGlobal
